
Microsoft Visual Studio Solution File, Format Version 12.00
# Visual Studio Version 17
VisualStudioVersion = 17.12.35527.113
MinimumVisualStudioVersion = 10.0.40219.1
Project("{8BC9CEB8-8B4A-11D0-8D11-00A0C91BC942}") = "008-AlphaBlend", "008-AlphaBlend\008-AlphaBlend.vcxproj", "{58D06E00-7EB2-4E73-A35B-23C8C7B02014}"
EndProject
Project("{8BC9CEB8-8B4A-11D0-8D11-00A0C91BC942}") = "007-RenderMatchbox", "007-RenderMatchbox\007-RenderMatchbox.vcxproj", "{5474C4B8-6656-4DBB-B341-EF3993901EDE}"
EndProject
Project("{8BC9CEB8-8B4A-11D0-8D11-00A0C91BC942}") = "006-FirstPersonView", "006-FirstPersonView\006-FirstPersonView.vcxproj", "{4D0B7C67-B762-4B88-B777-469B3373D822}"
EndProject
Project("{8BC9CEB8-8B4A-11D0-8D11-00A0C91BC942}") = "005-DrawBlock", "005-DrawBlock\005-DrawBlock.vcxproj", "{DE605658-DF10-40EF-AD4C-805F9C4B1BFC}"
EndProject
Project("{8BC9CEB8-8B4A-11D0-8D11-00A0C91BC942}") = "004-DrawTexture", "004-DrawTexture\004-DrawTexture.vcxproj", "{3BEAFBAA-B94A-47C2-8FB1-F9EF8B5BB654}"
EndProject
Project("{8BC9CEB8-8B4A-11D0-8D11-00A0C91BC942}") = "003-DrawRectangle", "003-DrawRectangle\003-DrawRectangle.vcxproj", "{9B6694C4-9C98-4BAA-B59A-7E0E0525C9A3}"
EndProject
Project("{8BC9CEB8-8B4A-11D0-8D11-00A0C91BC942}") = "002-DrawSkyblueWindow", "002-DrawSkyblueWindow\002-DrawSkyblueWindow.vcxproj", "{6921A524-5247-48A6-9DAB-A0AB50640BFC}"
EndProject
Project("{8BC9CEB8-8B4A-11D0-8D11-00A0C91BC942}") = "001-InitWindow", "001-InitWindow\001-InitWindow.vcxproj", "{9A3DEDE5-708A-45EC-BCC3-4410726BB34B}"
EndProject
Project("{8BC9CEB8-8B4A-11D0-8D11-00A0C91BC942}") = "009-AssimpAcquaintance", "009-AssimpAcquaintance\009-AssimpAcquaintance.vcxproj", "{87F20880-9A06-43A9-8362-F60DA4AEF771}"
EndProject
Project("{8BC9CEB8-8B4A-11D0-8D11-00A0C91BC942}") = "010-RenderGLTFModel", "010-RenderGLTFModel\010-RenderGLTFModel.vcxproj", "{B9753A8E-D8FA-4834-BA90-8A2A9B039225}"
EndProject
Project("{8BC9CEB8-8B4A-11D0-8D11-00A0C91BC942}") = "011-RenderGLTFSkinnedModel", "011-RenderGLTFSkinnedModel\011-RenderGLTFSkinnedModel.vcxproj", "{50C6C1AD-EFD4-4251-B58B-65754E1C7CE0}"
EndProject
Project("{8BC9CEB8-8B4A-11D0-8D11-00A0C91BC942}") = "012-RenderGLTFLightingModel", "012-RenderGLTFLightingModel\012-RenderGLTFLightingModel.vcxproj", "{9D5DBD81-A636-4040-94A0-509C7F304906}"
EndProject
Project("{8BC9CEB8-8B4A-11D0-8D11-00A0C91BC942}") = "013-RenderGLTFAnimation", "013-RenderGLTFAnimation\013-RenderGLTFAnimation.vcxproj", "{A8975457-3A84-43F8-AC28-1B05F234D1F0}"
EndProject
Project("{8BC9CEB8-8B4A-11D0-8D11-00A0C91BC942}") = "014-RenderGLTFWithSkyBox", "014-RenderGLTFWithSkyBox\014-RenderGLTFWithSkyBox.vcxproj", "{C5C4314C-FD13-4087-AD92-A0A81CE5C826}"
EndProject
Project("{8BC9CEB8-8B4A-11D0-8D11-00A0C91BC942}") = "015-DrawInstanced", "015-DrawInstanced\015-DrawInstanced.vcxproj", "{864D731D-05FA-40D9-93BA-2C4523DEB618}"
EndProject
Global
	GlobalSection(SolutionConfigurationPlatforms) = preSolution
		Debug|x64 = Debug|x64
		Debug|x86 = Debug|x86
		Release|x64 = Release|x64
		Release|x86 = Release|x86
	EndGlobalSection
	GlobalSection(ProjectConfigurationPlatforms) = postSolution
		{58D06E00-7EB2-4E73-A35B-23C8C7B02014}.Debug|x64.ActiveCfg = Debug|x64
		{58D06E00-7EB2-4E73-A35B-23C8C7B02014}.Debug|x64.Build.0 = Debug|x64
		{58D06E00-7EB2-4E73-A35B-23C8C7B02014}.Debug|x86.ActiveCfg = Debug|Win32
		{58D06E00-7EB2-4E73-A35B-23C8C7B02014}.Debug|x86.Build.0 = Debug|Win32
		{58D06E00-7EB2-4E73-A35B-23C8C7B02014}.Release|x64.ActiveCfg = Release|x64
		{58D06E00-7EB2-4E73-A35B-23C8C7B02014}.Release|x64.Build.0 = Release|x64
		{58D06E00-7EB2-4E73-A35B-23C8C7B02014}.Release|x86.ActiveCfg = Release|Win32
		{58D06E00-7EB2-4E73-A35B-23C8C7B02014}.Release|x86.Build.0 = Release|Win32
		{5474C4B8-6656-4DBB-B341-EF3993901EDE}.Debug|x64.ActiveCfg = Debug|x64
		{5474C4B8-6656-4DBB-B341-EF3993901EDE}.Debug|x64.Build.0 = Debug|x64
		{5474C4B8-6656-4DBB-B341-EF3993901EDE}.Debug|x86.ActiveCfg = Debug|Win32
		{5474C4B8-6656-4DBB-B341-EF3993901EDE}.Debug|x86.Build.0 = Debug|Win32
		{5474C4B8-6656-4DBB-B341-EF3993901EDE}.Release|x64.ActiveCfg = Release|x64
		{5474C4B8-6656-4DBB-B341-EF3993901EDE}.Release|x64.Build.0 = Release|x64
		{5474C4B8-6656-4DBB-B341-EF3993901EDE}.Release|x86.ActiveCfg = Release|Win32
		{5474C4B8-6656-4DBB-B341-EF3993901EDE}.Release|x86.Build.0 = Release|Win32
		{4D0B7C67-B762-4B88-B777-469B3373D822}.Debug|x64.ActiveCfg = Debug|x64
		{4D0B7C67-B762-4B88-B777-469B3373D822}.Debug|x64.Build.0 = Debug|x64
		{4D0B7C67-B762-4B88-B777-469B3373D822}.Debug|x86.ActiveCfg = Debug|Win32
		{4D0B7C67-B762-4B88-B777-469B3373D822}.Debug|x86.Build.0 = Debug|Win32
		{4D0B7C67-B762-4B88-B777-469B3373D822}.Release|x64.ActiveCfg = Release|x64
		{4D0B7C67-B762-4B88-B777-469B3373D822}.Release|x64.Build.0 = Release|x64
		{4D0B7C67-B762-4B88-B777-469B3373D822}.Release|x86.ActiveCfg = Release|Win32
		{4D0B7C67-B762-4B88-B777-469B3373D822}.Release|x86.Build.0 = Release|Win32
		{DE605658-DF10-40EF-AD4C-805F9C4B1BFC}.Debug|x64.ActiveCfg = Debug|x64
		{DE605658-DF10-40EF-AD4C-805F9C4B1BFC}.Debug|x64.Build.0 = Debug|x64
		{DE605658-DF10-40EF-AD4C-805F9C4B1BFC}.Debug|x86.ActiveCfg = Debug|Win32
		{DE605658-DF10-40EF-AD4C-805F9C4B1BFC}.Debug|x86.Build.0 = Debug|Win32
		{DE605658-DF10-40EF-AD4C-805F9C4B1BFC}.Release|x64.ActiveCfg = Release|x64
		{DE605658-DF10-40EF-AD4C-805F9C4B1BFC}.Release|x64.Build.0 = Release|x64
		{DE605658-DF10-40EF-AD4C-805F9C4B1BFC}.Release|x86.ActiveCfg = Release|Win32
		{DE605658-DF10-40EF-AD4C-805F9C4B1BFC}.Release|x86.Build.0 = Release|Win32
		{3BEAFBAA-B94A-47C2-8FB1-F9EF8B5BB654}.Debug|x64.ActiveCfg = Debug|x64
		{3BEAFBAA-B94A-47C2-8FB1-F9EF8B5BB654}.Debug|x64.Build.0 = Debug|x64
		{3BEAFBAA-B94A-47C2-8FB1-F9EF8B5BB654}.Debug|x86.ActiveCfg = Debug|Win32
		{3BEAFBAA-B94A-47C2-8FB1-F9EF8B5BB654}.Debug|x86.Build.0 = Debug|Win32
		{3BEAFBAA-B94A-47C2-8FB1-F9EF8B5BB654}.Release|x64.ActiveCfg = Release|x64
		{3BEAFBAA-B94A-47C2-8FB1-F9EF8B5BB654}.Release|x64.Build.0 = Release|x64
		{3BEAFBAA-B94A-47C2-8FB1-F9EF8B5BB654}.Release|x86.ActiveCfg = Release|Win32
		{3BEAFBAA-B94A-47C2-8FB1-F9EF8B5BB654}.Release|x86.Build.0 = Release|Win32
		{9B6694C4-9C98-4BAA-B59A-7E0E0525C9A3}.Debug|x64.ActiveCfg = Debug|x64
		{9B6694C4-9C98-4BAA-B59A-7E0E0525C9A3}.Debug|x64.Build.0 = Debug|x64
		{9B6694C4-9C98-4BAA-B59A-7E0E0525C9A3}.Debug|x86.ActiveCfg = Debug|Win32
		{9B6694C4-9C98-4BAA-B59A-7E0E0525C9A3}.Debug|x86.Build.0 = Debug|Win32
		{9B6694C4-9C98-4BAA-B59A-7E0E0525C9A3}.Release|x64.ActiveCfg = Release|x64
		{9B6694C4-9C98-4BAA-B59A-7E0E0525C9A3}.Release|x64.Build.0 = Release|x64
		{9B6694C4-9C98-4BAA-B59A-7E0E0525C9A3}.Release|x86.ActiveCfg = Release|Win32
		{9B6694C4-9C98-4BAA-B59A-7E0E0525C9A3}.Release|x86.Build.0 = Release|Win32
		{6921A524-5247-48A6-9DAB-A0AB50640BFC}.Debug|x64.ActiveCfg = Debug|x64
		{6921A524-5247-48A6-9DAB-A0AB50640BFC}.Debug|x64.Build.0 = Debug|x64
		{6921A524-5247-48A6-9DAB-A0AB50640BFC}.Debug|x86.ActiveCfg = Debug|Win32
		{6921A524-5247-48A6-9DAB-A0AB50640BFC}.Debug|x86.Build.0 = Debug|Win32
		{6921A524-5247-48A6-9DAB-A0AB50640BFC}.Release|x64.ActiveCfg = Release|x64
		{6921A524-5247-48A6-9DAB-A0AB50640BFC}.Release|x64.Build.0 = Release|x64
		{6921A524-5247-48A6-9DAB-A0AB50640BFC}.Release|x86.ActiveCfg = Release|Win32
		{6921A524-5247-48A6-9DAB-A0AB50640BFC}.Release|x86.Build.0 = Release|Win32
		{9A3DEDE5-708A-45EC-BCC3-4410726BB34B}.Debug|x64.ActiveCfg = Debug|x64
		{9A3DEDE5-708A-45EC-BCC3-4410726BB34B}.Debug|x64.Build.0 = Debug|x64
		{9A3DEDE5-708A-45EC-BCC3-4410726BB34B}.Debug|x86.ActiveCfg = Debug|Win32
		{9A3DEDE5-708A-45EC-BCC3-4410726BB34B}.Debug|x86.Build.0 = Debug|Win32
		{9A3DEDE5-708A-45EC-BCC3-4410726BB34B}.Release|x64.ActiveCfg = Release|x64
		{9A3DEDE5-708A-45EC-BCC3-4410726BB34B}.Release|x64.Build.0 = Release|x64
		{9A3DEDE5-708A-45EC-BCC3-4410726BB34B}.Release|x86.ActiveCfg = Release|Win32
		{9A3DEDE5-708A-45EC-BCC3-4410726BB34B}.Release|x86.Build.0 = Release|Win32
		{87F20880-9A06-43A9-8362-F60DA4AEF771}.Debug|x64.ActiveCfg = Debug|x64
		{87F20880-9A06-43A9-8362-F60DA4AEF771}.Debug|x64.Build.0 = Debug|x64
		{87F20880-9A06-43A9-8362-F60DA4AEF771}.Debug|x86.ActiveCfg = Debug|Win32
		{87F20880-9A06-43A9-8362-F60DA4AEF771}.Debug|x86.Build.0 = Debug|Win32
		{87F20880-9A06-43A9-8362-F60DA4AEF771}.Release|x64.ActiveCfg = Release|x64
		{87F20880-9A06-43A9-8362-F60DA4AEF771}.Release|x64.Build.0 = Release|x64
		{87F20880-9A06-43A9-8362-F60DA4AEF771}.Release|x86.ActiveCfg = Release|Win32
		{87F20880-9A06-43A9-8362-F60DA4AEF771}.Release|x86.Build.0 = Release|Win32
		{B9753A8E-D8FA-4834-BA90-8A2A9B039225}.Debug|x64.ActiveCfg = Debug|x64
		{B9753A8E-D8FA-4834-BA90-8A2A9B039225}.Debug|x64.Build.0 = Debug|x64
		{B9753A8E-D8FA-4834-BA90-8A2A9B039225}.Debug|x86.ActiveCfg = Debug|Win32
		{B9753A8E-D8FA-4834-BA90-8A2A9B039225}.Debug|x86.Build.0 = Debug|Win32
		{B9753A8E-D8FA-4834-BA90-8A2A9B039225}.Release|x64.ActiveCfg = Release|x64
		{B9753A8E-D8FA-4834-BA90-8A2A9B039225}.Release|x64.Build.0 = Release|x64
		{B9753A8E-D8FA-4834-BA90-8A2A9B039225}.Release|x86.ActiveCfg = Release|Win32
		{B9753A8E-D8FA-4834-BA90-8A2A9B039225}.Release|x86.Build.0 = Release|Win32
		{50C6C1AD-EFD4-4251-B58B-65754E1C7CE0}.Debug|x64.ActiveCfg = Debug|x64
		{50C6C1AD-EFD4-4251-B58B-65754E1C7CE0}.Debug|x64.Build.0 = Debug|x64
		{50C6C1AD-EFD4-4251-B58B-65754E1C7CE0}.Debug|x86.ActiveCfg = Debug|Win32
		{50C6C1AD-EFD4-4251-B58B-65754E1C7CE0}.Debug|x86.Build.0 = Debug|Win32
		{50C6C1AD-EFD4-4251-B58B-65754E1C7CE0}.Release|x64.ActiveCfg = Release|x64
		{50C6C1AD-EFD4-4251-B58B-65754E1C7CE0}.Release|x64.Build.0 = Release|x64
		{50C6C1AD-EFD4-4251-B58B-65754E1C7CE0}.Release|x86.ActiveCfg = Release|Win32
		{50C6C1AD-EFD4-4251-B58B-65754E1C7CE0}.Release|x86.Build.0 = Release|Win32
		{9D5DBD81-A636-4040-94A0-509C7F304906}.Debug|x64.ActiveCfg = Debug|x64
		{9D5DBD81-A636-4040-94A0-509C7F304906}.Debug|x64.Build.0 = Debug|x64
		{9D5DBD81-A636-4040-94A0-509C7F304906}.Debug|x86.ActiveCfg = Debug|Win32
		{9D5DBD81-A636-4040-94A0-509C7F304906}.Debug|x86.Build.0 = Debug|Win32
		{9D5DBD81-A636-4040-94A0-509C7F304906}.Release|x64.ActiveCfg = Release|x64
		{9D5DBD81-A636-4040-94A0-509C7F304906}.Release|x64.Build.0 = Release|x64
		{9D5DBD81-A636-4040-94A0-509C7F304906}.Release|x86.ActiveCfg = Release|Win32
		{9D5DBD81-A636-4040-94A0-509C7F304906}.Release|x86.Build.0 = Release|Win32
		{A8975457-3A84-43F8-AC28-1B05F234D1F0}.Debug|x64.ActiveCfg = Debug|x64
		{A8975457-3A84-43F8-AC28-1B05F234D1F0}.Debug|x64.Build.0 = Debug|x64
		{A8975457-3A84-43F8-AC28-1B05F234D1F0}.Debug|x86.ActiveCfg = Debug|Win32
		{A8975457-3A84-43F8-AC28-1B05F234D1F0}.Debug|x86.Build.0 = Debug|Win32
		{A8975457-3A84-43F8-AC28-1B05F234D1F0}.Release|x64.ActiveCfg = Release|x64
		{A8975457-3A84-43F8-AC28-1B05F234D1F0}.Release|x64.Build.0 = Release|x64
		{A8975457-3A84-43F8-AC28-1B05F234D1F0}.Release|x86.ActiveCfg = Release|Win32
		{A8975457-3A84-43F8-AC28-1B05F234D1F0}.Release|x86.Build.0 = Release|Win32
		{C5C4314C-FD13-4087-AD92-A0A81CE5C826}.Debug|x64.ActiveCfg = Debug|x64
		{C5C4314C-FD13-4087-AD92-A0A81CE5C826}.Debug|x64.Build.0 = Debug|x64
		{C5C4314C-FD13-4087-AD92-A0A81CE5C826}.Debug|x86.ActiveCfg = Debug|Win32
		{C5C4314C-FD13-4087-AD92-A0A81CE5C826}.Debug|x86.Build.0 = Debug|Win32
		{C5C4314C-FD13-4087-AD92-A0A81CE5C826}.Release|x64.ActiveCfg = Release|x64
		{C5C4314C-FD13-4087-AD92-A0A81CE5C826}.Release|x64.Build.0 = Release|x64
		{C5C4314C-FD13-4087-AD92-A0A81CE5C826}.Release|x86.ActiveCfg = Release|Win32
		{C5C4314C-FD13-4087-AD92-A0A81CE5C826}.Release|x86.Build.0 = Release|Win32
		{864D731D-05FA-40D9-93BA-2C4523DEB618}.Debug|x64.ActiveCfg = Debug|x64
		{864D731D-05FA-40D9-93BA-2C4523DEB618}.Debug|x64.Build.0 = Debug|x64
		{864D731D-05FA-40D9-93BA-2C4523DEB618}.Debug|x86.ActiveCfg = Debug|Win32
		{864D731D-05FA-40D9-93BA-2C4523DEB618}.Debug|x86.Build.0 = Debug|Win32
		{864D731D-05FA-40D9-93BA-2C4523DEB618}.Release|x64.ActiveCfg = Release|x64
		{864D731D-05FA-40D9-93BA-2C4523DEB618}.Release|x64.Build.0 = Release|x64
		{864D731D-05FA-40D9-93BA-2C4523DEB618}.Release|x86.ActiveCfg = Release|Win32
		{864D731D-05FA-40D9-93BA-2C4523DEB618}.Release|x86.Build.0 = Release|Win32
	EndGlobalSection
	GlobalSection(SolutionProperties) = preSolution
		HideSolutionNode = FALSE
	EndGlobalSection
	GlobalSection(ExtensibilityGlobals) = postSolution
		SolutionGuid = {A5DAC99C-185B-4A68-8519-6F883DF26762}
	EndGlobalSection
EndGlobal
