
Microsoft Visual Studio Solution File, Format Version 12.00
# Visual Studio Version 17
VisualStudioVersion = 17.12.35527.113
MinimumVisualStudioVersion = 10.0.40219.1
Project("{2150E333-8FDC-42A3-9474-1A3956D46DE8}") = "Main", "Main", "{BBB94F1B-EE52-4E0F-8370-EE1763063B60}"
EndProject
Project("{8BC9CEB8-8B4A-11D0-8D11-00A0C91BC942}") = "007-RenderMatchbox", "Main\007-RenderMatchbox\007-RenderMatchbox.vcxproj", "{5474C4B8-6656-4DBB-B341-EF3993901EDE}"
EndProject
Project("{8BC9CEB8-8B4A-11D0-8D11-00A0C91BC942}") = "006-FirstPersonView", "Main\006-FirstPersonView\006-FirstPersonView.vcxproj", "{4D0B7C67-B762-4B88-B777-469B3373D822}"
EndProject
Project("{8BC9CEB8-8B4A-11D0-8D11-00A0C91BC942}") = "005-DrawBlock", "Main\005-DrawBlock\005-DrawBlock.vcxproj", "{DE605658-DF10-40EF-AD4C-805F9C4B1BFC}"
EndProject
Project("{8BC9CEB8-8B4A-11D0-8D11-00A0C91BC942}") = "004-DrawTexture", "Main\004-DrawTexture\004-DrawTexture.vcxproj", "{3BEAFBAA-B94A-47C2-8FB1-F9EF8B5BB654}"
EndProject
Project("{8BC9CEB8-8B4A-11D0-8D11-00A0C91BC942}") = "003-DrawRectangle", "Main\003-DrawRectangle\003-DrawRectangle.vcxproj", "{9B6694C4-9C98-4BAA-B59A-7E0E0525C9A3}"
EndProject
Project("{8BC9CEB8-8B4A-11D0-8D11-00A0C91BC942}") = "002-DrawSkyblueWindow", "Main\002-DrawSkyblueWindow\002-DrawSkyblueWindow.vcxproj", "{6921A524-5247-48A6-9DAB-A0AB50640BFC}"
EndProject
Project("{8BC9CEB8-8B4A-11D0-8D11-00A0C91BC942}") = "001-InitWindow", "Main\001-InitWindow\001-InitWindow.vcxproj", "{9A3DEDE5-708A-45EC-BCC3-4410726BB34B}"
EndProject
Project("{8BC9CEB8-8B4A-11D0-8D11-00A0C91BC942}") = "008-AlphaBlend", "Main\008-AlphaBlend\008-AlphaBlend.vcxproj", "{58D06E00-7EB2-4E73-A35B-23C8C7B02014}"
EndProject
Global
	GlobalSection(SolutionConfigurationPlatforms) = preSolution
		Debug|x64 = Debug|x64
		Debug|x86 = Debug|x86
		Release|x64 = Release|x64
		Release|x86 = Release|x86
	EndGlobalSection
	GlobalSection(ProjectConfigurationPlatforms) = postSolution
		{5474C4B8-6656-4DBB-B341-EF3993901EDE}.Debug|x64.ActiveCfg = Debug|x64
		{5474C4B8-6656-4DBB-B341-EF3993901EDE}.Debug|x64.Build.0 = Debug|x64
		{5474C4B8-6656-4DBB-B341-EF3993901EDE}.Debug|x86.ActiveCfg = Debug|Win32
		{5474C4B8-6656-4DBB-B341-EF3993901EDE}.Debug|x86.Build.0 = Debug|Win32
		{5474C4B8-6656-4DBB-B341-EF3993901EDE}.Release|x64.ActiveCfg = Release|x64
		{5474C4B8-6656-4DBB-B341-EF3993901EDE}.Release|x64.Build.0 = Release|x64
		{5474C4B8-6656-4DBB-B341-EF3993901EDE}.Release|x86.ActiveCfg = Release|Win32
		{5474C4B8-6656-4DBB-B341-EF3993901EDE}.Release|x86.Build.0 = Release|Win32
		{4D0B7C67-B762-4B88-B777-469B3373D822}.Debug|x64.ActiveCfg = Debug|x64
		{4D0B7C67-B762-4B88-B777-469B3373D822}.Debug|x64.Build.0 = Debug|x64
		{4D0B7C67-B762-4B88-B777-469B3373D822}.Debug|x86.ActiveCfg = Debug|Win32
		{4D0B7C67-B762-4B88-B777-469B3373D822}.Debug|x86.Build.0 = Debug|Win32
		{4D0B7C67-B762-4B88-B777-469B3373D822}.Release|x64.ActiveCfg = Release|x64
		{4D0B7C67-B762-4B88-B777-469B3373D822}.Release|x64.Build.0 = Release|x64
		{4D0B7C67-B762-4B88-B777-469B3373D822}.Release|x86.ActiveCfg = Release|Win32
		{4D0B7C67-B762-4B88-B777-469B3373D822}.Release|x86.Build.0 = Release|Win32
		{DE605658-DF10-40EF-AD4C-805F9C4B1BFC}.Debug|x64.ActiveCfg = Debug|x64
		{DE605658-DF10-40EF-AD4C-805F9C4B1BFC}.Debug|x64.Build.0 = Debug|x64
		{DE605658-DF10-40EF-AD4C-805F9C4B1BFC}.Debug|x86.ActiveCfg = Debug|Win32
		{DE605658-DF10-40EF-AD4C-805F9C4B1BFC}.Debug|x86.Build.0 = Debug|Win32
		{DE605658-DF10-40EF-AD4C-805F9C4B1BFC}.Release|x64.ActiveCfg = Release|x64
		{DE605658-DF10-40EF-AD4C-805F9C4B1BFC}.Release|x64.Build.0 = Release|x64
		{DE605658-DF10-40EF-AD4C-805F9C4B1BFC}.Release|x86.ActiveCfg = Release|Win32
		{DE605658-DF10-40EF-AD4C-805F9C4B1BFC}.Release|x86.Build.0 = Release|Win32
		{3BEAFBAA-B94A-47C2-8FB1-F9EF8B5BB654}.Debug|x64.ActiveCfg = Debug|x64
		{3BEAFBAA-B94A-47C2-8FB1-F9EF8B5BB654}.Debug|x64.Build.0 = Debug|x64
		{3BEAFBAA-B94A-47C2-8FB1-F9EF8B5BB654}.Debug|x86.ActiveCfg = Debug|Win32
		{3BEAFBAA-B94A-47C2-8FB1-F9EF8B5BB654}.Debug|x86.Build.0 = Debug|Win32
		{3BEAFBAA-B94A-47C2-8FB1-F9EF8B5BB654}.Release|x64.ActiveCfg = Release|x64
		{3BEAFBAA-B94A-47C2-8FB1-F9EF8B5BB654}.Release|x64.Build.0 = Release|x64
		{3BEAFBAA-B94A-47C2-8FB1-F9EF8B5BB654}.Release|x86.ActiveCfg = Release|Win32
		{3BEAFBAA-B94A-47C2-8FB1-F9EF8B5BB654}.Release|x86.Build.0 = Release|Win32
		{9B6694C4-9C98-4BAA-B59A-7E0E0525C9A3}.Debug|x64.ActiveCfg = Debug|x64
		{9B6694C4-9C98-4BAA-B59A-7E0E0525C9A3}.Debug|x64.Build.0 = Debug|x64
		{9B6694C4-9C98-4BAA-B59A-7E0E0525C9A3}.Debug|x86.ActiveCfg = Debug|Win32
		{9B6694C4-9C98-4BAA-B59A-7E0E0525C9A3}.Debug|x86.Build.0 = Debug|Win32
		{9B6694C4-9C98-4BAA-B59A-7E0E0525C9A3}.Release|x64.ActiveCfg = Release|x64
		{9B6694C4-9C98-4BAA-B59A-7E0E0525C9A3}.Release|x64.Build.0 = Release|x64
		{9B6694C4-9C98-4BAA-B59A-7E0E0525C9A3}.Release|x86.ActiveCfg = Release|Win32
		{9B6694C4-9C98-4BAA-B59A-7E0E0525C9A3}.Release|x86.Build.0 = Release|Win32
		{6921A524-5247-48A6-9DAB-A0AB50640BFC}.Debug|x64.ActiveCfg = Debug|x64
		{6921A524-5247-48A6-9DAB-A0AB50640BFC}.Debug|x64.Build.0 = Debug|x64
		{6921A524-5247-48A6-9DAB-A0AB50640BFC}.Debug|x86.ActiveCfg = Debug|Win32
		{6921A524-5247-48A6-9DAB-A0AB50640BFC}.Debug|x86.Build.0 = Debug|Win32
		{6921A524-5247-48A6-9DAB-A0AB50640BFC}.Release|x64.ActiveCfg = Release|x64
		{6921A524-5247-48A6-9DAB-A0AB50640BFC}.Release|x64.Build.0 = Release|x64
		{6921A524-5247-48A6-9DAB-A0AB50640BFC}.Release|x86.ActiveCfg = Release|Win32
		{6921A524-5247-48A6-9DAB-A0AB50640BFC}.Release|x86.Build.0 = Release|Win32
		{9A3DEDE5-708A-45EC-BCC3-4410726BB34B}.Debug|x64.ActiveCfg = Debug|x64
		{9A3DEDE5-708A-45EC-BCC3-4410726BB34B}.Debug|x64.Build.0 = Debug|x64
		{9A3DEDE5-708A-45EC-BCC3-4410726BB34B}.Debug|x86.ActiveCfg = Debug|Win32
		{9A3DEDE5-708A-45EC-BCC3-4410726BB34B}.Debug|x86.Build.0 = Debug|Win32
		{9A3DEDE5-708A-45EC-BCC3-4410726BB34B}.Release|x64.ActiveCfg = Release|x64
		{9A3DEDE5-708A-45EC-BCC3-4410726BB34B}.Release|x64.Build.0 = Release|x64
		{9A3DEDE5-708A-45EC-BCC3-4410726BB34B}.Release|x86.ActiveCfg = Release|Win32
		{9A3DEDE5-708A-45EC-BCC3-4410726BB34B}.Release|x86.Build.0 = Release|Win32
		{58D06E00-7EB2-4E73-A35B-23C8C7B02014}.Debug|x64.ActiveCfg = Debug|x64
		{58D06E00-7EB2-4E73-A35B-23C8C7B02014}.Debug|x64.Build.0 = Debug|x64
		{58D06E00-7EB2-4E73-A35B-23C8C7B02014}.Debug|x86.ActiveCfg = Debug|Win32
		{58D06E00-7EB2-4E73-A35B-23C8C7B02014}.Debug|x86.Build.0 = Debug|Win32
		{58D06E00-7EB2-4E73-A35B-23C8C7B02014}.Release|x64.ActiveCfg = Release|x64
		{58D06E00-7EB2-4E73-A35B-23C8C7B02014}.Release|x64.Build.0 = Release|x64
		{58D06E00-7EB2-4E73-A35B-23C8C7B02014}.Release|x86.ActiveCfg = Release|Win32
		{58D06E00-7EB2-4E73-A35B-23C8C7B02014}.Release|x86.Build.0 = Release|Win32
	EndGlobalSection
	GlobalSection(SolutionProperties) = preSolution
		HideSolutionNode = FALSE
	EndGlobalSection
	GlobalSection(NestedProjects) = preSolution
		{5474C4B8-6656-4DBB-B341-EF3993901EDE} = {BBB94F1B-EE52-4E0F-8370-EE1763063B60}
		{4D0B7C67-B762-4B88-B777-469B3373D822} = {BBB94F1B-EE52-4E0F-8370-EE1763063B60}
		{DE605658-DF10-40EF-AD4C-805F9C4B1BFC} = {BBB94F1B-EE52-4E0F-8370-EE1763063B60}
		{3BEAFBAA-B94A-47C2-8FB1-F9EF8B5BB654} = {BBB94F1B-EE52-4E0F-8370-EE1763063B60}
		{9B6694C4-9C98-4BAA-B59A-7E0E0525C9A3} = {BBB94F1B-EE52-4E0F-8370-EE1763063B60}
		{6921A524-5247-48A6-9DAB-A0AB50640BFC} = {BBB94F1B-EE52-4E0F-8370-EE1763063B60}
		{9A3DEDE5-708A-45EC-BCC3-4410726BB34B} = {BBB94F1B-EE52-4E0F-8370-EE1763063B60}
		{58D06E00-7EB2-4E73-A35B-23C8C7B02014} = {BBB94F1B-EE52-4E0F-8370-EE1763063B60}
	EndGlobalSection
EndGlobal
